
Microsoft Visual Studio Solution File, Format Version 12.00
# Visual Studio Version 16
VisualStudioVersion = 16.0.32002.261
MinimumVisualStudioVersion = 10.0.40219.1
Project("{FAE04EC0-301F-11D3-BF4B-00C04F79EFBC}") = "Sleeper.Android", "Sleeper\Sleeper.Android\Sleeper.Android.csproj", "{2475C4C7-02E2-4BDF-9160-3C6B64C04B4E}"
EndProject
Project("{FAE04EC0-301F-11D3-BF4B-00C04F79EFBC}") = "Sleeper.iOS", "Sleeper\Sleeper.iOS\Sleeper.iOS.csproj", "{17F380EB-D1E8-4030-8BAE-0BE0037C8FCF}"
EndProject
Project("{FAE04EC0-301F-11D3-BF4B-00C04F79EFBC}") = "Sleeper", "Sleeper\Sleeper\Sleeper.csproj", "{A6D48E12-F431-4C78-BFF8-8FA751CB46B5}"
EndProject
Global
	GlobalSection(SolutionConfigurationPlatforms) = preSolution
		Debug|Any CPU = Debug|Any CPU
		Debug|iPhone = Debug|iPhone
		Debug|iPhoneSimulator = Debug|iPhoneSimulator
		Release|Any CPU = Release|Any CPU
		Release|iPhone = Release|iPhone
		Release|iPhoneSimulator = Release|iPhoneSimulator
	EndGlobalSection
	GlobalSection(ProjectConfigurationPlatforms) = postSolution
		{2475C4C7-02E2-4BDF-9160-3C6B64C04B4E}.Debug|Any CPU.ActiveCfg = Debug|Any CPU
		{2475C4C7-02E2-4BDF-9160-3C6B64C04B4E}.Debug|Any CPU.Build.0 = Debug|Any CPU
		{2475C4C7-02E2-4BDF-9160-3C6B64C04B4E}.Debug|Any CPU.Deploy.0 = Debug|Any CPU
		{2475C4C7-02E2-4BDF-9160-3C6B64C04B4E}.Debug|iPhone.ActiveCfg = Debug|Any CPU
		{2475C4C7-02E2-4BDF-9160-3C6B64C04B4E}.Debug|iPhone.Build.0 = Debug|Any CPU
		{2475C4C7-02E2-4BDF-9160-3C6B64C04B4E}.Debug|iPhone.Deploy.0 = Debug|Any CPU
		{2475C4C7-02E2-4BDF-9160-3C6B64C04B4E}.Debug|iPhoneSimulator.ActiveCfg = Debug|Any CPU
		{2475C4C7-02E2-4BDF-9160-3C6B64C04B4E}.Debug|iPhoneSimulator.Build.0 = Debug|Any CPU
		{2475C4C7-02E2-4BDF-9160-3C6B64C04B4E}.Debug|iPhoneSimulator.Deploy.0 = Debug|Any CPU
		{2475C4C7-02E2-4BDF-9160-3C6B64C04B4E}.Release|Any CPU.ActiveCfg = Release|Any CPU
		{2475C4C7-02E2-4BDF-9160-3C6B64C04B4E}.Release|Any CPU.Build.0 = Release|Any CPU
		{2475C4C7-02E2-4BDF-9160-3C6B64C04B4E}.Release|Any CPU.Deploy.0 = Release|Any CPU
		{2475C4C7-02E2-4BDF-9160-3C6B64C04B4E}.Release|iPhone.ActiveCfg = Release|Any CPU
		{2475C4C7-02E2-4BDF-9160-3C6B64C04B4E}.Release|iPhone.Build.0 = Release|Any CPU
		{2475C4C7-02E2-4BDF-9160-3C6B64C04B4E}.Release|iPhone.Deploy.0 = Release|Any CPU
		{2475C4C7-02E2-4BDF-9160-3C6B64C04B4E}.Release|iPhoneSimulator.ActiveCfg = Release|Any CPU
		{2475C4C7-02E2-4BDF-9160-3C6B64C04B4E}.Release|iPhoneSimulator.Build.0 = Release|Any CPU
		{2475C4C7-02E2-4BDF-9160-3C6B64C04B4E}.Release|iPhoneSimulator.Deploy.0 = Release|Any CPU
		{17F380EB-D1E8-4030-8BAE-0BE0037C8FCF}.Debug|Any CPU.ActiveCfg = Debug|iPhone
		{17F380EB-D1E8-4030-8BAE-0BE0037C8FCF}.Debug|Any CPU.Build.0 = Debug|iPhone
		{17F380EB-D1E8-4030-8BAE-0BE0037C8FCF}.Debug|Any CPU.Deploy.0 = Debug|iPhone
		{17F380EB-D1E8-4030-8BAE-0BE0037C8FCF}.Debug|iPhone.ActiveCfg = Debug|iPhone
		{17F380EB-D1E8-4030-8BAE-0BE0037C8FCF}.Debug|iPhone.Build.0 = Debug|iPhone
		{17F380EB-D1E8-4030-8BAE-0BE0037C8FCF}.Debug|iPhone.Deploy.0 = Debug|iPhone
		{17F380EB-D1E8-4030-8BAE-0BE0037C8FCF}.Debug|iPhoneSimulator.ActiveCfg = Debug|iPhoneSimulator
		{17F380EB-D1E8-4030-8BAE-0BE0037C8FCF}.Debug|iPhoneSimulator.Build.0 = Debug|iPhoneSimulator
		{17F380EB-D1E8-4030-8BAE-0BE0037C8FCF}.Debug|iPhoneSimulator.Deploy.0 = Debug|iPhoneSimulator
		{17F380EB-D1E8-4030-8BAE-0BE0037C8FCF}.Release|Any CPU.ActiveCfg = Release|iPhoneSimulator
		{17F380EB-D1E8-4030-8BAE-0BE0037C8FCF}.Release|Any CPU.Build.0 = Release|iPhoneSimulator
		{17F380EB-D1E8-4030-8BAE-0BE0037C8FCF}.Release|Any CPU.Deploy.0 = Release|iPhoneSimulator
		{17F380EB-D1E8-4030-8BAE-0BE0037C8FCF}.Release|iPhone.ActiveCfg = Release|iPhone
		{17F380EB-D1E8-4030-8BAE-0BE0037C8FCF}.Release|iPhone.Build.0 = Release|iPhone
		{17F380EB-D1E8-4030-8BAE-0BE0037C8FCF}.Release|iPhone.Deploy.0 = Release|iPhone
		{17F380EB-D1E8-4030-8BAE-0BE0037C8FCF}.Release|iPhoneSimulator.ActiveCfg = Release|iPhoneSimulator
		{17F380EB-D1E8-4030-8BAE-0BE0037C8FCF}.Release|iPhoneSimulator.Build.0 = Release|iPhoneSimulator
		{17F380EB-D1E8-4030-8BAE-0BE0037C8FCF}.Release|iPhoneSimulator.Deploy.0 = Release|iPhoneSimulator
		{A6D48E12-F431-4C78-BFF8-8FA751CB46B5}.Debug|Any CPU.ActiveCfg = Debug|Any CPU
		{A6D48E12-F431-4C78-BFF8-8FA751CB46B5}.Debug|Any CPU.Build.0 = Debug|Any CPU
		{A6D48E12-F431-4C78-BFF8-8FA751CB46B5}.Debug|Any CPU.Deploy.0 = Debug|Any CPU
		{A6D48E12-F431-4C78-BFF8-8FA751CB46B5}.Debug|iPhone.ActiveCfg = Debug|Any CPU
		{A6D48E12-F431-4C78-BFF8-8FA751CB46B5}.Debug|iPhone.Build.0 = Debug|Any CPU
		{A6D48E12-F431-4C78-BFF8-8FA751CB46B5}.Debug|iPhone.Deploy.0 = Debug|Any CPU
		{A6D48E12-F431-4C78-BFF8-8FA751CB46B5}.Debug|iPhoneSimulator.ActiveCfg = Debug|Any CPU
		{A6D48E12-F431-4C78-BFF8-8FA751CB46B5}.Debug|iPhoneSimulator.Build.0 = Debug|Any CPU
		{A6D48E12-F431-4C78-BFF8-8FA751CB46B5}.Debug|iPhoneSimulator.Deploy.0 = Debug|Any CPU
		{A6D48E12-F431-4C78-BFF8-8FA751CB46B5}.Release|Any CPU.ActiveCfg = Release|Any CPU
		{A6D48E12-F431-4C78-BFF8-8FA751CB46B5}.Release|Any CPU.Build.0 = Release|Any CPU
		{A6D48E12-F431-4C78-BFF8-8FA751CB46B5}.Release|Any CPU.Deploy.0 = Release|Any CPU
		{A6D48E12-F431-4C78-BFF8-8FA751CB46B5}.Release|iPhone.ActiveCfg = Release|Any CPU
		{A6D48E12-F431-4C78-BFF8-8FA751CB46B5}.Release|iPhone.Build.0 = Release|Any CPU
		{A6D48E12-F431-4C78-BFF8-8FA751CB46B5}.Release|iPhone.Deploy.0 = Release|Any CPU
		{A6D48E12-F431-4C78-BFF8-8FA751CB46B5}.Release|iPhoneSimulator.ActiveCfg = Release|Any CPU
		{A6D48E12-F431-4C78-BFF8-8FA751CB46B5}.Release|iPhoneSimulator.Build.0 = Release|Any CPU
		{A6D48E12-F431-4C78-BFF8-8FA751CB46B5}.Release|iPhoneSimulator.Deploy.0 = Release|Any CPU
	EndGlobalSection
	GlobalSection(SolutionProperties) = preSolution
		HideSolutionNode = FALSE
	EndGlobalSection
	GlobalSection(ExtensibilityGlobals) = postSolution
		SolutionGuid = {3CDC758F-4857-41B5-9DB1-F9D5025C7BFB}
	EndGlobalSection
EndGlobal
